
Microsoft Visual Studio Solution File, Format Version 12.00
# Visual Studio Version 17
VisualStudioVersion = 17.0.31903.59
MinimumVisualStudioVersion = 10.0.40219.1
Project("{2150E333-8FDC-42A3-9474-1A3956D46DE8}") = "Api", "Api", "{D82C56D6-B2CD-F611-9E31-04638F7EC30E}"
EndProject
Project("{FAE04EC0-301F-11D3-BF4B-00C04F79EFBC}") = "FiapCloudGames.Api", "src\Api\FiapCloudGames.Api\FiapCloudGames.Api.csproj", "{514B12E4-F0E6-4128-8D24-916669D07614}"
EndProject
Project("{FAE04EC0-301F-11D3-BF4B-00C04F79EFBC}") = "FiapCloudGames.Api.IntegrationTests", "tests\Integration\FiapCloudGames.Api.IntegrationTests\FiapCloudGames.Api.IntegrationTests.csproj", "{2D988DB9-44C7-409F-9B24-091237640DC7}"
EndProject
Project("{2150E333-8FDC-42A3-9474-1A3956D46DE8}") = "BuildingBlocks", "BuildingBlocks", "{7266C4A9-E384-DC00-0EB6-47F6002CFBA7}"
EndProject
Project("{FAE04EC0-301F-11D3-BF4B-00C04F79EFBC}") = "FiapCloudGames.Application.Common", "src\BuildingBlocks\FiapCloudGames.Application.Common\FiapCloudGames.Application.Common.csproj", "{51C0A2B7-7FC4-4F0C-A1F6-015A7B4F3A4C}"
EndProject
Project("{FAE04EC0-301F-11D3-BF4B-00C04F79EFBC}") = "FiapCloudGames.Domain.Common", "src\BuildingBlocks\FiapCloudGames.Domain.Common\FiapCloudGames.Domain.Common.csproj", "{31A8B242-F3E3-409A-BDC3-78A020BBBD3B}"
EndProject
Project("{FAE04EC0-301F-11D3-BF4B-00C04F79EFBC}") = "FiapCloudGames.Presentation.Common", "src\BuildingBlocks\FiapCloudGames.Presentation.Common\FiapCloudGames.Presentation.Common.csproj", "{F0D565E5-35A9-48F5-8B1D-8D90362DFEE9}"
EndProject
Project("{FAE04EC0-301F-11D3-BF4B-00C04F79EFBC}") = "FiapCloudGames.ArchitectureTests", "tests\Architecture\FiapCloudGames.ArchitectureTests\FiapCloudGames.ArchitectureTests.csproj", "{6EEBE403-DC49-499B-AB8E-78DAB4BDF715}"
EndProject
Project("{2150E333-8FDC-42A3-9474-1A3956D46DE8}") = "Database", "Database", "{E0096E63-5207-411F-2649-837654E3C58A}"
EndProject
Project("{FAE04EC0-301F-11D3-BF4B-00C04F79EFBC}") = "FiapCloudGames.Database.Migrations", "src\Database\FiapCloudGames.Database.Migrations\FiapCloudGames.Database.Migrations.csproj", "{5E6EA977-B976-4F89-8C92-7116D25B3EBA}"
EndProject
Project("{FAE04EC0-301F-11D3-BF4B-00C04F79EFBC}") = "FiapCloudGames.Database.IntegrationTests", "tests\Integration\FiapCloudGames.Database.IntegrationTests\FiapCloudGames.Database.IntegrationTests.csproj", "{C007010C-CBFC-4D16-8116-C356B1B418EE}"
EndProject
Project("{2150E333-8FDC-42A3-9474-1A3956D46DE8}") = "Modules", "Modules", "{CA253913-39DE-BFD0-C9A3-4B7EC6FBDF17}"
EndProject
Project("{2150E333-8FDC-42A3-9474-1A3956D46DE8}") = "Catalog", "Catalog", "{729B03C7-1C3E-5EDD-EDB4-38F58E22BDF1}"
EndProject
Project("{FAE04EC0-301F-11D3-BF4B-00C04F79EFBC}") = "FiapCloudGames.Catalog.Application", "src\Modules\Catalog\FiapCloudGames.Catalog.Application\FiapCloudGames.Catalog.Application.csproj", "{C70A58FD-C5AF-4B00-99A3-4754663A5E1A}"
EndProject
Project("{FAE04EC0-301F-11D3-BF4B-00C04F79EFBC}") = "FiapCloudGames.Catalog.Contracts", "src\Modules\Catalog\FiapCloudGames.Catalog.Contracts\FiapCloudGames.Catalog.Contracts.csproj", "{753C2A77-0B68-4A3F-9992-F9C088E43C0A}"
EndProject
Project("{FAE04EC0-301F-11D3-BF4B-00C04F79EFBC}") = "FiapCloudGames.Catalog.Domain", "src\Modules\Catalog\FiapCloudGames.Catalog.Domain\FiapCloudGames.Catalog.Domain.csproj", "{68F301CB-6996-4D15-AC2C-08A357F46D4B}"
EndProject
Project("{FAE04EC0-301F-11D3-BF4B-00C04F79EFBC}") = "FiapCloudGames.Catalog.Infrastructure", "src\Modules\Catalog\FiapCloudGames.Catalog.Infrastructure\FiapCloudGames.Catalog.Infrastructure.csproj", "{A62BC22B-C1A6-49FA-AC5E-366D80E77D25}"
EndProject
Project("{FAE04EC0-301F-11D3-BF4B-00C04F79EFBC}") = "FiapCloudGames.Catalog.Presentation", "src\Modules\Catalog\FiapCloudGames.Catalog.Presentation\FiapCloudGames.Catalog.Presentation.csproj", "{6912AE7C-F630-4044-9580-5892DA23BEDB}"
EndProject
Project("{FAE04EC0-301F-11D3-BF4B-00C04F79EFBC}") = "FiapCloudGames.Catalog.UnitTests", "tests\Unit\FiapCloudGames.Catalog.UnitTests\FiapCloudGames.Catalog.UnitTests.csproj", "{414591E6-01DC-447E-B6B1-23AD2D728C5F}"
EndProject
Project("{2150E333-8FDC-42A3-9474-1A3956D46DE8}") = "Identity", "Identity", "{293C06CD-4E17-48BD-9F3B-B5ADDFFA9425}"
EndProject
Project("{FAE04EC0-301F-11D3-BF4B-00C04F79EFBC}") = "FiapCloudGames.Identity.Application", "src\Modules\Identity\FiapCloudGames.Identity.Application\FiapCloudGames.Identity.Application.csproj", "{8AE3DEFE-4B6D-47E2-925C-F6ED6CD83A95}"
EndProject
Project("{FAE04EC0-301F-11D3-BF4B-00C04F79EFBC}") = "FiapCloudGames.Identity.Contracts", "src\Modules\Identity\FiapCloudGames.Identity.Contracts\FiapCloudGames.Identity.Contracts.csproj", "{C4393B7D-8AC8-4CFA-B2B5-3C24A1005D26}"
EndProject
Project("{FAE04EC0-301F-11D3-BF4B-00C04F79EFBC}") = "FiapCloudGames.Identity.Domain", "src\Modules\Identity\FiapCloudGames.Identity.Domain\FiapCloudGames.Identity.Domain.csproj", "{B91D2146-D2C4-48A1-A41C-B0B881C82F87}"
EndProject
Project("{FAE04EC0-301F-11D3-BF4B-00C04F79EFBC}") = "FiapCloudGames.Identity.Infrastructure", "src\Modules\Identity\FiapCloudGames.Identity.Infrastructure\FiapCloudGames.Identity.Infrastructure.csproj", "{7FE3987D-A281-4E06-A839-8C4B6A453436}"
EndProject
Project("{FAE04EC0-301F-11D3-BF4B-00C04F79EFBC}") = "FiapCloudGames.Identity.Presentation", "src\Modules\Identity\FiapCloudGames.Identity.Presentation\FiapCloudGames.Identity.Presentation.csproj", "{1F967AB6-1AA8-449B-84FF-E5164362D087}"
EndProject
Project("{FAE04EC0-301F-11D3-BF4B-00C04F79EFBC}") = "FiapCloudGames.Identity.UnitTests", "tests\Unit\FiapCloudGames.Identity.UnitTests\FiapCloudGames.Identity.UnitTests.csproj", "{DD9331E4-D671-4C19-85FA-3377E30E61DE}"
EndProject
Project("{2150E333-8FDC-42A3-9474-1A3956D46DE8}") = "Library", "Library", "{02967336-915E-C28E-1FBF-927BCAF1A129}"
EndProject
Project("{FAE04EC0-301F-11D3-BF4B-00C04F79EFBC}") = "FiapCloudGames.Library.Application", "src\Modules\Library\FiapCloudGames.Library.Application\FiapCloudGames.Library.Application.csproj", "{B9916FD5-7118-4F59-9EEC-D011E3002277}"
EndProject
Project("{FAE04EC0-301F-11D3-BF4B-00C04F79EFBC}") = "FiapCloudGames.Library.Contracts", "src\Modules\Library\FiapCloudGames.Library.Contracts\FiapCloudGames.Library.Contracts.csproj", "{E144D339-8DDA-42BC-95EC-F1176C487E99}"
EndProject
Project("{FAE04EC0-301F-11D3-BF4B-00C04F79EFBC}") = "FiapCloudGames.Library.Domain", "src\Modules\Library\FiapCloudGames.Library.Domain\FiapCloudGames.Library.Domain.csproj", "{309A20A2-3193-4E9F-A28E-037357072020}"
EndProject
Project("{FAE04EC0-301F-11D3-BF4B-00C04F79EFBC}") = "FiapCloudGames.Library.Infrastructure", "src\Modules\Library\FiapCloudGames.Library.Infrastructure\FiapCloudGames.Library.Infrastructure.csproj", "{FD275D09-2DEE-4F82-B7A9-8C6705E5CD0A}"
EndProject
Project("{FAE04EC0-301F-11D3-BF4B-00C04F79EFBC}") = "FiapCloudGames.Library.Presentation", "src\Modules\Library\FiapCloudGames.Library.Presentation\FiapCloudGames.Library.Presentation.csproj", "{C6075DD0-F278-4957-B7BA-BDDA278E0F90}"
EndProject
Project("{FAE04EC0-301F-11D3-BF4B-00C04F79EFBC}") = "FiapCloudGames.Library.UnitTests", "tests\Unit\FiapCloudGames.Library.UnitTests\FiapCloudGames.Library.UnitTests.csproj", "{6CEBF173-E986-4EC1-A2F6-1EF20731F2E8}"
EndProject
Project("{2150E333-8FDC-42A3-9474-1A3956D46DE8}") = "Promotions", "Promotions", "{6639BA1E-D686-9411-33AA-9419784F58E0}"
EndProject
Project("{FAE04EC0-301F-11D3-BF4B-00C04F79EFBC}") = "FiapCloudGames.Promotions.Application", "src\Modules\Promotions\FiapCloudGames.Promotions.Application\FiapCloudGames.Promotions.Application.csproj", "{8DD5A871-1E7E-48B9-B5A4-B4CD6CEAB02D}"
EndProject
Project("{FAE04EC0-301F-11D3-BF4B-00C04F79EFBC}") = "FiapCloudGames.Promotions.Contracts", "src\Modules\Promotions\FiapCloudGames.Promotions.Contracts\FiapCloudGames.Promotions.Contracts.csproj", "{0D23B0DC-7271-470C-AB7A-B8D68FBFDC68}"
EndProject
Project("{FAE04EC0-301F-11D3-BF4B-00C04F79EFBC}") = "FiapCloudGames.Promotions.Domain", "src\Modules\Promotions\FiapCloudGames.Promotions.Domain\FiapCloudGames.Promotions.Domain.csproj", "{F1AE2EBE-5428-4D2B-AAD6-1793B5878144}"
EndProject
Project("{FAE04EC0-301F-11D3-BF4B-00C04F79EFBC}") = "FiapCloudGames.Promotions.Infrastructure", "src\Modules\Promotions\FiapCloudGames.Promotions.Infrastructure\FiapCloudGames.Promotions.Infrastructure.csproj", "{123F735F-7626-4421-907C-57E92539F5FD}"
EndProject
Project("{FAE04EC0-301F-11D3-BF4B-00C04F79EFBC}") = "FiapCloudGames.Promotions.Presentation", "src\Modules\Promotions\FiapCloudGames.Promotions.Presentation\FiapCloudGames.Promotions.Presentation.csproj", "{27E44AED-59B2-4B46-A25E-594DA3A12A37}"
EndProject
Project("{FAE04EC0-301F-11D3-BF4B-00C04F79EFBC}") = "FiapCloudGames.Promotions.UnitTests", "tests\Unit\FiapCloudGames.Promotions.UnitTests\FiapCloudGames.Promotions.UnitTests.csproj", "{02FF69CE-336E-40FB-B22B-AFA1BA2B19CC}"
EndProject
Global
	GlobalSection(SolutionConfigurationPlatforms) = preSolution
		Debug|Any CPU = Debug|Any CPU
		Debug|x64 = Debug|x64
		Debug|x86 = Debug|x86
		Release|Any CPU = Release|Any CPU
		Release|x64 = Release|x64
		Release|x86 = Release|x86
	EndGlobalSection
	GlobalSection(ProjectConfigurationPlatforms) = postSolution
		{514B12E4-F0E6-4128-8D24-916669D07614}.Debug|Any CPU.ActiveCfg = Debug|Any CPU
		{514B12E4-F0E6-4128-8D24-916669D07614}.Debug|Any CPU.Build.0 = Debug|Any CPU
		{514B12E4-F0E6-4128-8D24-916669D07614}.Debug|x64.ActiveCfg = Debug|Any CPU
		{514B12E4-F0E6-4128-8D24-916669D07614}.Debug|x64.Build.0 = Debug|Any CPU
		{514B12E4-F0E6-4128-8D24-916669D07614}.Debug|x86.ActiveCfg = Debug|Any CPU
		{514B12E4-F0E6-4128-8D24-916669D07614}.Debug|x86.Build.0 = Debug|Any CPU
		{514B12E4-F0E6-4128-8D24-916669D07614}.Release|Any CPU.ActiveCfg = Release|Any CPU
		{514B12E4-F0E6-4128-8D24-916669D07614}.Release|Any CPU.Build.0 = Release|Any CPU
		{514B12E4-F0E6-4128-8D24-916669D07614}.Release|x64.ActiveCfg = Release|Any CPU
		{514B12E4-F0E6-4128-8D24-916669D07614}.Release|x64.Build.0 = Release|Any CPU
		{514B12E4-F0E6-4128-8D24-916669D07614}.Release|x86.ActiveCfg = Release|Any CPU
		{514B12E4-F0E6-4128-8D24-916669D07614}.Release|x86.Build.0 = Release|Any CPU
		{2D988DB9-44C7-409F-9B24-091237640DC7}.Debug|Any CPU.ActiveCfg = Debug|Any CPU
		{2D988DB9-44C7-409F-9B24-091237640DC7}.Debug|Any CPU.Build.0 = Debug|Any CPU
		{2D988DB9-44C7-409F-9B24-091237640DC7}.Debug|x64.ActiveCfg = Debug|Any CPU
		{2D988DB9-44C7-409F-9B24-091237640DC7}.Debug|x64.Build.0 = Debug|Any CPU
		{2D988DB9-44C7-409F-9B24-091237640DC7}.Debug|x86.ActiveCfg = Debug|Any CPU
		{2D988DB9-44C7-409F-9B24-091237640DC7}.Debug|x86.Build.0 = Debug|Any CPU
		{2D988DB9-44C7-409F-9B24-091237640DC7}.Release|Any CPU.ActiveCfg = Release|Any CPU
		{2D988DB9-44C7-409F-9B24-091237640DC7}.Release|Any CPU.Build.0 = Release|Any CPU
		{2D988DB9-44C7-409F-9B24-091237640DC7}.Release|x64.ActiveCfg = Release|Any CPU
		{2D988DB9-44C7-409F-9B24-091237640DC7}.Release|x64.Build.0 = Release|Any CPU
		{2D988DB9-44C7-409F-9B24-091237640DC7}.Release|x86.ActiveCfg = Release|Any CPU
		{2D988DB9-44C7-409F-9B24-091237640DC7}.Release|x86.Build.0 = Release|Any CPU
		{51C0A2B7-7FC4-4F0C-A1F6-015A7B4F3A4C}.Debug|Any CPU.ActiveCfg = Debug|Any CPU
		{51C0A2B7-7FC4-4F0C-A1F6-015A7B4F3A4C}.Debug|Any CPU.Build.0 = Debug|Any CPU
		{51C0A2B7-7FC4-4F0C-A1F6-015A7B4F3A4C}.Debug|x64.ActiveCfg = Debug|Any CPU
		{51C0A2B7-7FC4-4F0C-A1F6-015A7B4F3A4C}.Debug|x64.Build.0 = Debug|Any CPU
		{51C0A2B7-7FC4-4F0C-A1F6-015A7B4F3A4C}.Debug|x86.ActiveCfg = Debug|Any CPU
		{51C0A2B7-7FC4-4F0C-A1F6-015A7B4F3A4C}.Debug|x86.Build.0 = Debug|Any CPU
		{51C0A2B7-7FC4-4F0C-A1F6-015A7B4F3A4C}.Release|Any CPU.ActiveCfg = Release|Any CPU
		{51C0A2B7-7FC4-4F0C-A1F6-015A7B4F3A4C}.Release|Any CPU.Build.0 = Release|Any CPU
		{51C0A2B7-7FC4-4F0C-A1F6-015A7B4F3A4C}.Release|x64.ActiveCfg = Release|Any CPU
		{51C0A2B7-7FC4-4F0C-A1F6-015A7B4F3A4C}.Release|x64.Build.0 = Release|Any CPU
		{51C0A2B7-7FC4-4F0C-A1F6-015A7B4F3A4C}.Release|x86.ActiveCfg = Release|Any CPU
		{51C0A2B7-7FC4-4F0C-A1F6-015A7B4F3A4C}.Release|x86.Build.0 = Release|Any CPU
		{31A8B242-F3E3-409A-BDC3-78A020BBBD3B}.Debug|Any CPU.ActiveCfg = Debug|Any CPU
		{31A8B242-F3E3-409A-BDC3-78A020BBBD3B}.Debug|Any CPU.Build.0 = Debug|Any CPU
		{31A8B242-F3E3-409A-BDC3-78A020BBBD3B}.Debug|x64.ActiveCfg = Debug|Any CPU
		{31A8B242-F3E3-409A-BDC3-78A020BBBD3B}.Debug|x64.Build.0 = Debug|Any CPU
		{31A8B242-F3E3-409A-BDC3-78A020BBBD3B}.Debug|x86.ActiveCfg = Debug|Any CPU
		{31A8B242-F3E3-409A-BDC3-78A020BBBD3B}.Debug|x86.Build.0 = Debug|Any CPU
		{31A8B242-F3E3-409A-BDC3-78A020BBBD3B}.Release|Any CPU.ActiveCfg = Release|Any CPU
		{31A8B242-F3E3-409A-BDC3-78A020BBBD3B}.Release|Any CPU.Build.0 = Release|Any CPU
		{31A8B242-F3E3-409A-BDC3-78A020BBBD3B}.Release|x64.ActiveCfg = Release|Any CPU
		{31A8B242-F3E3-409A-BDC3-78A020BBBD3B}.Release|x64.Build.0 = Release|Any CPU
		{31A8B242-F3E3-409A-BDC3-78A020BBBD3B}.Release|x86.ActiveCfg = Release|Any CPU
		{31A8B242-F3E3-409A-BDC3-78A020BBBD3B}.Release|x86.Build.0 = Release|Any CPU
		{F0D565E5-35A9-48F5-8B1D-8D90362DFEE9}.Debug|Any CPU.ActiveCfg = Debug|Any CPU
		{F0D565E5-35A9-48F5-8B1D-8D90362DFEE9}.Debug|Any CPU.Build.0 = Debug|Any CPU
		{F0D565E5-35A9-48F5-8B1D-8D90362DFEE9}.Debug|x64.ActiveCfg = Debug|Any CPU
		{F0D565E5-35A9-48F5-8B1D-8D90362DFEE9}.Debug|x64.Build.0 = Debug|Any CPU
		{F0D565E5-35A9-48F5-8B1D-8D90362DFEE9}.Debug|x86.ActiveCfg = Debug|Any CPU
		{F0D565E5-35A9-48F5-8B1D-8D90362DFEE9}.Debug|x86.Build.0 = Debug|Any CPU
		{F0D565E5-35A9-48F5-8B1D-8D90362DFEE9}.Release|Any CPU.ActiveCfg = Release|Any CPU
		{F0D565E5-35A9-48F5-8B1D-8D90362DFEE9}.Release|Any CPU.Build.0 = Release|Any CPU
		{F0D565E5-35A9-48F5-8B1D-8D90362DFEE9}.Release|x64.ActiveCfg = Release|Any CPU
		{F0D565E5-35A9-48F5-8B1D-8D90362DFEE9}.Release|x64.Build.0 = Release|Any CPU
		{F0D565E5-35A9-48F5-8B1D-8D90362DFEE9}.Release|x86.ActiveCfg = Release|Any CPU
		{F0D565E5-35A9-48F5-8B1D-8D90362DFEE9}.Release|x86.Build.0 = Release|Any CPU
		{6EEBE403-DC49-499B-AB8E-78DAB4BDF715}.Debug|Any CPU.ActiveCfg = Debug|Any CPU
		{6EEBE403-DC49-499B-AB8E-78DAB4BDF715}.Debug|Any CPU.Build.0 = Debug|Any CPU
		{6EEBE403-DC49-499B-AB8E-78DAB4BDF715}.Debug|x64.ActiveCfg = Debug|Any CPU
		{6EEBE403-DC49-499B-AB8E-78DAB4BDF715}.Debug|x64.Build.0 = Debug|Any CPU
		{6EEBE403-DC49-499B-AB8E-78DAB4BDF715}.Debug|x86.ActiveCfg = Debug|Any CPU
		{6EEBE403-DC49-499B-AB8E-78DAB4BDF715}.Debug|x86.Build.0 = Debug|Any CPU
		{6EEBE403-DC49-499B-AB8E-78DAB4BDF715}.Release|Any CPU.ActiveCfg = Release|Any CPU
		{6EEBE403-DC49-499B-AB8E-78DAB4BDF715}.Release|Any CPU.Build.0 = Release|Any CPU
		{6EEBE403-DC49-499B-AB8E-78DAB4BDF715}.Release|x64.ActiveCfg = Release|Any CPU
		{6EEBE403-DC49-499B-AB8E-78DAB4BDF715}.Release|x64.Build.0 = Release|Any CPU
		{6EEBE403-DC49-499B-AB8E-78DAB4BDF715}.Release|x86.ActiveCfg = Release|Any CPU
		{6EEBE403-DC49-499B-AB8E-78DAB4BDF715}.Release|x86.Build.0 = Release|Any CPU
		{5E6EA977-B976-4F89-8C92-7116D25B3EBA}.Debug|Any CPU.ActiveCfg = Debug|Any CPU
		{5E6EA977-B976-4F89-8C92-7116D25B3EBA}.Debug|Any CPU.Build.0 = Debug|Any CPU
		{5E6EA977-B976-4F89-8C92-7116D25B3EBA}.Debug|x64.ActiveCfg = Debug|Any CPU
		{5E6EA977-B976-4F89-8C92-7116D25B3EBA}.Debug|x64.Build.0 = Debug|Any CPU
		{5E6EA977-B976-4F89-8C92-7116D25B3EBA}.Debug|x86.ActiveCfg = Debug|Any CPU
		{5E6EA977-B976-4F89-8C92-7116D25B3EBA}.Debug|x86.Build.0 = Debug|Any CPU
		{5E6EA977-B976-4F89-8C92-7116D25B3EBA}.Release|Any CPU.ActiveCfg = Release|Any CPU
		{5E6EA977-B976-4F89-8C92-7116D25B3EBA}.Release|Any CPU.Build.0 = Release|Any CPU
		{5E6EA977-B976-4F89-8C92-7116D25B3EBA}.Release|x64.ActiveCfg = Release|Any CPU
		{5E6EA977-B976-4F89-8C92-7116D25B3EBA}.Release|x64.Build.0 = Release|Any CPU
		{5E6EA977-B976-4F89-8C92-7116D25B3EBA}.Release|x86.ActiveCfg = Release|Any CPU
		{5E6EA977-B976-4F89-8C92-7116D25B3EBA}.Release|x86.Build.0 = Release|Any CPU
		{C007010C-CBFC-4D16-8116-C356B1B418EE}.Debug|Any CPU.ActiveCfg = Debug|Any CPU
		{C007010C-CBFC-4D16-8116-C356B1B418EE}.Debug|Any CPU.Build.0 = Debug|Any CPU
		{C007010C-CBFC-4D16-8116-C356B1B418EE}.Debug|x64.ActiveCfg = Debug|Any CPU
		{C007010C-CBFC-4D16-8116-C356B1B418EE}.Debug|x64.Build.0 = Debug|Any CPU
		{C007010C-CBFC-4D16-8116-C356B1B418EE}.Debug|x86.ActiveCfg = Debug|Any CPU
		{C007010C-CBFC-4D16-8116-C356B1B418EE}.Debug|x86.Build.0 = Debug|Any CPU
		{C007010C-CBFC-4D16-8116-C356B1B418EE}.Release|Any CPU.ActiveCfg = Release|Any CPU
		{C007010C-CBFC-4D16-8116-C356B1B418EE}.Release|Any CPU.Build.0 = Release|Any CPU
		{C007010C-CBFC-4D16-8116-C356B1B418EE}.Release|x64.ActiveCfg = Release|Any CPU
		{C007010C-CBFC-4D16-8116-C356B1B418EE}.Release|x64.Build.0 = Release|Any CPU
		{C007010C-CBFC-4D16-8116-C356B1B418EE}.Release|x86.ActiveCfg = Release|Any CPU
		{C007010C-CBFC-4D16-8116-C356B1B418EE}.Release|x86.Build.0 = Release|Any CPU
		{C70A58FD-C5AF-4B00-99A3-4754663A5E1A}.Debug|Any CPU.ActiveCfg = Debug|Any CPU
		{C70A58FD-C5AF-4B00-99A3-4754663A5E1A}.Debug|Any CPU.Build.0 = Debug|Any CPU
		{C70A58FD-C5AF-4B00-99A3-4754663A5E1A}.Debug|x64.ActiveCfg = Debug|Any CPU
		{C70A58FD-C5AF-4B00-99A3-4754663A5E1A}.Debug|x64.Build.0 = Debug|Any CPU
		{C70A58FD-C5AF-4B00-99A3-4754663A5E1A}.Debug|x86.ActiveCfg = Debug|Any CPU
		{C70A58FD-C5AF-4B00-99A3-4754663A5E1A}.Debug|x86.Build.0 = Debug|Any CPU
		{C70A58FD-C5AF-4B00-99A3-4754663A5E1A}.Release|Any CPU.ActiveCfg = Release|Any CPU
		{C70A58FD-C5AF-4B00-99A3-4754663A5E1A}.Release|Any CPU.Build.0 = Release|Any CPU
		{C70A58FD-C5AF-4B00-99A3-4754663A5E1A}.Release|x64.ActiveCfg = Release|Any CPU
		{C70A58FD-C5AF-4B00-99A3-4754663A5E1A}.Release|x64.Build.0 = Release|Any CPU
		{C70A58FD-C5AF-4B00-99A3-4754663A5E1A}.Release|x86.ActiveCfg = Release|Any CPU
		{C70A58FD-C5AF-4B00-99A3-4754663A5E1A}.Release|x86.Build.0 = Release|Any CPU
		{753C2A77-0B68-4A3F-9992-F9C088E43C0A}.Debug|Any CPU.ActiveCfg = Debug|Any CPU
		{753C2A77-0B68-4A3F-9992-F9C088E43C0A}.Debug|Any CPU.Build.0 = Debug|Any CPU
		{753C2A77-0B68-4A3F-9992-F9C088E43C0A}.Debug|x64.ActiveCfg = Debug|Any CPU
		{753C2A77-0B68-4A3F-9992-F9C088E43C0A}.Debug|x64.Build.0 = Debug|Any CPU
		{753C2A77-0B68-4A3F-9992-F9C088E43C0A}.Debug|x86.ActiveCfg = Debug|Any CPU
		{753C2A77-0B68-4A3F-9992-F9C088E43C0A}.Debug|x86.Build.0 = Debug|Any CPU
		{753C2A77-0B68-4A3F-9992-F9C088E43C0A}.Release|Any CPU.ActiveCfg = Release|Any CPU
		{753C2A77-0B68-4A3F-9992-F9C088E43C0A}.Release|Any CPU.Build.0 = Release|Any CPU
		{753C2A77-0B68-4A3F-9992-F9C088E43C0A}.Release|x64.ActiveCfg = Release|Any CPU
		{753C2A77-0B68-4A3F-9992-F9C088E43C0A}.Release|x64.Build.0 = Release|Any CPU
		{753C2A77-0B68-4A3F-9992-F9C088E43C0A}.Release|x86.ActiveCfg = Release|Any CPU
		{753C2A77-0B68-4A3F-9992-F9C088E43C0A}.Release|x86.Build.0 = Release|Any CPU
		{68F301CB-6996-4D15-AC2C-08A357F46D4B}.Debug|Any CPU.ActiveCfg = Debug|Any CPU
		{68F301CB-6996-4D15-AC2C-08A357F46D4B}.Debug|Any CPU.Build.0 = Debug|Any CPU
		{68F301CB-6996-4D15-AC2C-08A357F46D4B}.Debug|x64.ActiveCfg = Debug|Any CPU
		{68F301CB-6996-4D15-AC2C-08A357F46D4B}.Debug|x64.Build.0 = Debug|Any CPU
		{68F301CB-6996-4D15-AC2C-08A357F46D4B}.Debug|x86.ActiveCfg = Debug|Any CPU
		{68F301CB-6996-4D15-AC2C-08A357F46D4B}.Debug|x86.Build.0 = Debug|Any CPU
		{68F301CB-6996-4D15-AC2C-08A357F46D4B}.Release|Any CPU.ActiveCfg = Release|Any CPU
		{68F301CB-6996-4D15-AC2C-08A357F46D4B}.Release|Any CPU.Build.0 = Release|Any CPU
		{68F301CB-6996-4D15-AC2C-08A357F46D4B}.Release|x64.ActiveCfg = Release|Any CPU
		{68F301CB-6996-4D15-AC2C-08A357F46D4B}.Release|x64.Build.0 = Release|Any CPU
		{68F301CB-6996-4D15-AC2C-08A357F46D4B}.Release|x86.ActiveCfg = Release|Any CPU
		{68F301CB-6996-4D15-AC2C-08A357F46D4B}.Release|x86.Build.0 = Release|Any CPU
		{A62BC22B-C1A6-49FA-AC5E-366D80E77D25}.Debug|Any CPU.ActiveCfg = Debug|Any CPU
		{A62BC22B-C1A6-49FA-AC5E-366D80E77D25}.Debug|Any CPU.Build.0 = Debug|Any CPU
		{A62BC22B-C1A6-49FA-AC5E-366D80E77D25}.Debug|x64.ActiveCfg = Debug|Any CPU
		{A62BC22B-C1A6-49FA-AC5E-366D80E77D25}.Debug|x64.Build.0 = Debug|Any CPU
		{A62BC22B-C1A6-49FA-AC5E-366D80E77D25}.Debug|x86.ActiveCfg = Debug|Any CPU
		{A62BC22B-C1A6-49FA-AC5E-366D80E77D25}.Debug|x86.Build.0 = Debug|Any CPU
		{A62BC22B-C1A6-49FA-AC5E-366D80E77D25}.Release|Any CPU.ActiveCfg = Release|Any CPU
		{A62BC22B-C1A6-49FA-AC5E-366D80E77D25}.Release|Any CPU.Build.0 = Release|Any CPU
		{A62BC22B-C1A6-49FA-AC5E-366D80E77D25}.Release|x64.ActiveCfg = Release|Any CPU
		{A62BC22B-C1A6-49FA-AC5E-366D80E77D25}.Release|x64.Build.0 = Release|Any CPU
		{A62BC22B-C1A6-49FA-AC5E-366D80E77D25}.Release|x86.ActiveCfg = Release|Any CPU
		{A62BC22B-C1A6-49FA-AC5E-366D80E77D25}.Release|x86.Build.0 = Release|Any CPU
		{6912AE7C-F630-4044-9580-5892DA23BEDB}.Debug|Any CPU.ActiveCfg = Debug|Any CPU
		{6912AE7C-F630-4044-9580-5892DA23BEDB}.Debug|Any CPU.Build.0 = Debug|Any CPU
		{6912AE7C-F630-4044-9580-5892DA23BEDB}.Debug|x64.ActiveCfg = Debug|Any CPU
		{6912AE7C-F630-4044-9580-5892DA23BEDB}.Debug|x64.Build.0 = Debug|Any CPU
		{6912AE7C-F630-4044-9580-5892DA23BEDB}.Debug|x86.ActiveCfg = Debug|Any CPU
		{6912AE7C-F630-4044-9580-5892DA23BEDB}.Debug|x86.Build.0 = Debug|Any CPU
		{6912AE7C-F630-4044-9580-5892DA23BEDB}.Release|Any CPU.ActiveCfg = Release|Any CPU
		{6912AE7C-F630-4044-9580-5892DA23BEDB}.Release|Any CPU.Build.0 = Release|Any CPU
		{6912AE7C-F630-4044-9580-5892DA23BEDB}.Release|x64.ActiveCfg = Release|Any CPU
		{6912AE7C-F630-4044-9580-5892DA23BEDB}.Release|x64.Build.0 = Release|Any CPU
		{6912AE7C-F630-4044-9580-5892DA23BEDB}.Release|x86.ActiveCfg = Release|Any CPU
		{6912AE7C-F630-4044-9580-5892DA23BEDB}.Release|x86.Build.0 = Release|Any CPU
		{414591E6-01DC-447E-B6B1-23AD2D728C5F}.Debug|Any CPU.ActiveCfg = Debug|Any CPU
		{414591E6-01DC-447E-B6B1-23AD2D728C5F}.Debug|Any CPU.Build.0 = Debug|Any CPU
		{414591E6-01DC-447E-B6B1-23AD2D728C5F}.Debug|x64.ActiveCfg = Debug|Any CPU
		{414591E6-01DC-447E-B6B1-23AD2D728C5F}.Debug|x64.Build.0 = Debug|Any CPU
		{414591E6-01DC-447E-B6B1-23AD2D728C5F}.Debug|x86.ActiveCfg = Debug|Any CPU
		{414591E6-01DC-447E-B6B1-23AD2D728C5F}.Debug|x86.Build.0 = Debug|Any CPU
		{414591E6-01DC-447E-B6B1-23AD2D728C5F}.Release|Any CPU.ActiveCfg = Release|Any CPU
		{414591E6-01DC-447E-B6B1-23AD2D728C5F}.Release|Any CPU.Build.0 = Release|Any CPU
		{414591E6-01DC-447E-B6B1-23AD2D728C5F}.Release|x64.ActiveCfg = Release|Any CPU
		{414591E6-01DC-447E-B6B1-23AD2D728C5F}.Release|x64.Build.0 = Release|Any CPU
		{414591E6-01DC-447E-B6B1-23AD2D728C5F}.Release|x86.ActiveCfg = Release|Any CPU
		{414591E6-01DC-447E-B6B1-23AD2D728C5F}.Release|x86.Build.0 = Release|Any CPU
		{8AE3DEFE-4B6D-47E2-925C-F6ED6CD83A95}.Debug|Any CPU.ActiveCfg = Debug|Any CPU
		{8AE3DEFE-4B6D-47E2-925C-F6ED6CD83A95}.Debug|Any CPU.Build.0 = Debug|Any CPU
		{8AE3DEFE-4B6D-47E2-925C-F6ED6CD83A95}.Debug|x64.ActiveCfg = Debug|Any CPU
		{8AE3DEFE-4B6D-47E2-925C-F6ED6CD83A95}.Debug|x64.Build.0 = Debug|Any CPU
		{8AE3DEFE-4B6D-47E2-925C-F6ED6CD83A95}.Debug|x86.ActiveCfg = Debug|Any CPU
		{8AE3DEFE-4B6D-47E2-925C-F6ED6CD83A95}.Debug|x86.Build.0 = Debug|Any CPU
		{8AE3DEFE-4B6D-47E2-925C-F6ED6CD83A95}.Release|Any CPU.ActiveCfg = Release|Any CPU
		{8AE3DEFE-4B6D-47E2-925C-F6ED6CD83A95}.Release|Any CPU.Build.0 = Release|Any CPU
		{8AE3DEFE-4B6D-47E2-925C-F6ED6CD83A95}.Release|x64.ActiveCfg = Release|Any CPU
		{8AE3DEFE-4B6D-47E2-925C-F6ED6CD83A95}.Release|x64.Build.0 = Release|Any CPU
		{8AE3DEFE-4B6D-47E2-925C-F6ED6CD83A95}.Release|x86.ActiveCfg = Release|Any CPU
		{8AE3DEFE-4B6D-47E2-925C-F6ED6CD83A95}.Release|x86.Build.0 = Release|Any CPU
		{C4393B7D-8AC8-4CFA-B2B5-3C24A1005D26}.Debug|Any CPU.ActiveCfg = Debug|Any CPU
		{C4393B7D-8AC8-4CFA-B2B5-3C24A1005D26}.Debug|Any CPU.Build.0 = Debug|Any CPU
		{C4393B7D-8AC8-4CFA-B2B5-3C24A1005D26}.Debug|x64.ActiveCfg = Debug|Any CPU
		{C4393B7D-8AC8-4CFA-B2B5-3C24A1005D26}.Debug|x64.Build.0 = Debug|Any CPU
		{C4393B7D-8AC8-4CFA-B2B5-3C24A1005D26}.Debug|x86.ActiveCfg = Debug|Any CPU
		{C4393B7D-8AC8-4CFA-B2B5-3C24A1005D26}.Debug|x86.Build.0 = Debug|Any CPU
		{C4393B7D-8AC8-4CFA-B2B5-3C24A1005D26}.Release|Any CPU.ActiveCfg = Release|Any CPU
		{C4393B7D-8AC8-4CFA-B2B5-3C24A1005D26}.Release|Any CPU.Build.0 = Release|Any CPU
		{C4393B7D-8AC8-4CFA-B2B5-3C24A1005D26}.Release|x64.ActiveCfg = Release|Any CPU
		{C4393B7D-8AC8-4CFA-B2B5-3C24A1005D26}.Release|x64.Build.0 = Release|Any CPU
		{C4393B7D-8AC8-4CFA-B2B5-3C24A1005D26}.Release|x86.ActiveCfg = Release|Any CPU
		{C4393B7D-8AC8-4CFA-B2B5-3C24A1005D26}.Release|x86.Build.0 = Release|Any CPU
		{B91D2146-D2C4-48A1-A41C-B0B881C82F87}.Debug|Any CPU.ActiveCfg = Debug|Any CPU
		{B91D2146-D2C4-48A1-A41C-B0B881C82F87}.Debug|Any CPU.Build.0 = Debug|Any CPU
		{B91D2146-D2C4-48A1-A41C-B0B881C82F87}.Debug|x64.ActiveCfg = Debug|Any CPU
		{B91D2146-D2C4-48A1-A41C-B0B881C82F87}.Debug|x64.Build.0 = Debug|Any CPU
		{B91D2146-D2C4-48A1-A41C-B0B881C82F87}.Debug|x86.ActiveCfg = Debug|Any CPU
		{B91D2146-D2C4-48A1-A41C-B0B881C82F87}.Debug|x86.Build.0 = Debug|Any CPU
		{B91D2146-D2C4-48A1-A41C-B0B881C82F87}.Release|Any CPU.ActiveCfg = Release|Any CPU
		{B91D2146-D2C4-48A1-A41C-B0B881C82F87}.Release|Any CPU.Build.0 = Release|Any CPU
		{B91D2146-D2C4-48A1-A41C-B0B881C82F87}.Release|x64.ActiveCfg = Release|Any CPU
		{B91D2146-D2C4-48A1-A41C-B0B881C82F87}.Release|x64.Build.0 = Release|Any CPU
		{B91D2146-D2C4-48A1-A41C-B0B881C82F87}.Release|x86.ActiveCfg = Release|Any CPU
		{B91D2146-D2C4-48A1-A41C-B0B881C82F87}.Release|x86.Build.0 = Release|Any CPU
		{7FE3987D-A281-4E06-A839-8C4B6A453436}.Debug|Any CPU.ActiveCfg = Debug|Any CPU
		{7FE3987D-A281-4E06-A839-8C4B6A453436}.Debug|Any CPU.Build.0 = Debug|Any CPU
		{7FE3987D-A281-4E06-A839-8C4B6A453436}.Debug|x64.ActiveCfg = Debug|Any CPU
		{7FE3987D-A281-4E06-A839-8C4B6A453436}.Debug|x64.Build.0 = Debug|Any CPU
		{7FE3987D-A281-4E06-A839-8C4B6A453436}.Debug|x86.ActiveCfg = Debug|Any CPU
		{7FE3987D-A281-4E06-A839-8C4B6A453436}.Debug|x86.Build.0 = Debug|Any CPU
		{7FE3987D-A281-4E06-A839-8C4B6A453436}.Release|Any CPU.ActiveCfg = Release|Any CPU
		{7FE3987D-A281-4E06-A839-8C4B6A453436}.Release|Any CPU.Build.0 = Release|Any CPU
		{7FE3987D-A281-4E06-A839-8C4B6A453436}.Release|x64.ActiveCfg = Release|Any CPU
		{7FE3987D-A281-4E06-A839-8C4B6A453436}.Release|x64.Build.0 = Release|Any CPU
		{7FE3987D-A281-4E06-A839-8C4B6A453436}.Release|x86.ActiveCfg = Release|Any CPU
		{7FE3987D-A281-4E06-A839-8C4B6A453436}.Release|x86.Build.0 = Release|Any CPU
		{1F967AB6-1AA8-449B-84FF-E5164362D087}.Debug|Any CPU.ActiveCfg = Debug|Any CPU
		{1F967AB6-1AA8-449B-84FF-E5164362D087}.Debug|Any CPU.Build.0 = Debug|Any CPU
		{1F967AB6-1AA8-449B-84FF-E5164362D087}.Debug|x64.ActiveCfg = Debug|Any CPU
		{1F967AB6-1AA8-449B-84FF-E5164362D087}.Debug|x64.Build.0 = Debug|Any CPU
		{1F967AB6-1AA8-449B-84FF-E5164362D087}.Debug|x86.ActiveCfg = Debug|Any CPU
		{1F967AB6-1AA8-449B-84FF-E5164362D087}.Debug|x86.Build.0 = Debug|Any CPU
		{1F967AB6-1AA8-449B-84FF-E5164362D087}.Release|Any CPU.ActiveCfg = Release|Any CPU
		{1F967AB6-1AA8-449B-84FF-E5164362D087}.Release|Any CPU.Build.0 = Release|Any CPU
		{1F967AB6-1AA8-449B-84FF-E5164362D087}.Release|x64.ActiveCfg = Release|Any CPU
		{1F967AB6-1AA8-449B-84FF-E5164362D087}.Release|x64.Build.0 = Release|Any CPU
		{1F967AB6-1AA8-449B-84FF-E5164362D087}.Release|x86.ActiveCfg = Release|Any CPU
		{1F967AB6-1AA8-449B-84FF-E5164362D087}.Release|x86.Build.0 = Release|Any CPU
		{DD9331E4-D671-4C19-85FA-3377E30E61DE}.Debug|Any CPU.ActiveCfg = Debug|Any CPU
		{DD9331E4-D671-4C19-85FA-3377E30E61DE}.Debug|Any CPU.Build.0 = Debug|Any CPU
		{DD9331E4-D671-4C19-85FA-3377E30E61DE}.Debug|x64.ActiveCfg = Debug|Any CPU
		{DD9331E4-D671-4C19-85FA-3377E30E61DE}.Debug|x64.Build.0 = Debug|Any CPU
		{DD9331E4-D671-4C19-85FA-3377E30E61DE}.Debug|x86.ActiveCfg = Debug|Any CPU
		{DD9331E4-D671-4C19-85FA-3377E30E61DE}.Debug|x86.Build.0 = Debug|Any CPU
		{DD9331E4-D671-4C19-85FA-3377E30E61DE}.Release|Any CPU.ActiveCfg = Release|Any CPU
		{DD9331E4-D671-4C19-85FA-3377E30E61DE}.Release|Any CPU.Build.0 = Release|Any CPU
		{DD9331E4-D671-4C19-85FA-3377E30E61DE}.Release|x64.ActiveCfg = Release|Any CPU
		{DD9331E4-D671-4C19-85FA-3377E30E61DE}.Release|x64.Build.0 = Release|Any CPU
		{DD9331E4-D671-4C19-85FA-3377E30E61DE}.Release|x86.ActiveCfg = Release|Any CPU
		{DD9331E4-D671-4C19-85FA-3377E30E61DE}.Release|x86.Build.0 = Release|Any CPU
		{B9916FD5-7118-4F59-9EEC-D011E3002277}.Debug|Any CPU.ActiveCfg = Debug|Any CPU
		{B9916FD5-7118-4F59-9EEC-D011E3002277}.Debug|Any CPU.Build.0 = Debug|Any CPU
		{B9916FD5-7118-4F59-9EEC-D011E3002277}.Debug|x64.ActiveCfg = Debug|Any CPU
		{B9916FD5-7118-4F59-9EEC-D011E3002277}.Debug|x64.Build.0 = Debug|Any CPU
		{B9916FD5-7118-4F59-9EEC-D011E3002277}.Debug|x86.ActiveCfg = Debug|Any CPU
		{B9916FD5-7118-4F59-9EEC-D011E3002277}.Debug|x86.Build.0 = Debug|Any CPU
		{B9916FD5-7118-4F59-9EEC-D011E3002277}.Release|Any CPU.ActiveCfg = Release|Any CPU
		{B9916FD5-7118-4F59-9EEC-D011E3002277}.Release|Any CPU.Build.0 = Release|Any CPU
		{B9916FD5-7118-4F59-9EEC-D011E3002277}.Release|x64.ActiveCfg = Release|Any CPU
		{B9916FD5-7118-4F59-9EEC-D011E3002277}.Release|x64.Build.0 = Release|Any CPU
		{B9916FD5-7118-4F59-9EEC-D011E3002277}.Release|x86.ActiveCfg = Release|Any CPU
		{B9916FD5-7118-4F59-9EEC-D011E3002277}.Release|x86.Build.0 = Release|Any CPU
		{E144D339-8DDA-42BC-95EC-F1176C487E99}.Debug|Any CPU.ActiveCfg = Debug|Any CPU
		{E144D339-8DDA-42BC-95EC-F1176C487E99}.Debug|Any CPU.Build.0 = Debug|Any CPU
		{E144D339-8DDA-42BC-95EC-F1176C487E99}.Debug|x64.ActiveCfg = Debug|Any CPU
		{E144D339-8DDA-42BC-95EC-F1176C487E99}.Debug|x64.Build.0 = Debug|Any CPU
		{E144D339-8DDA-42BC-95EC-F1176C487E99}.Debug|x86.ActiveCfg = Debug|Any CPU
		{E144D339-8DDA-42BC-95EC-F1176C487E99}.Debug|x86.Build.0 = Debug|Any CPU
		{E144D339-8DDA-42BC-95EC-F1176C487E99}.Release|Any CPU.ActiveCfg = Release|Any CPU
		{E144D339-8DDA-42BC-95EC-F1176C487E99}.Release|Any CPU.Build.0 = Release|Any CPU
		{E144D339-8DDA-42BC-95EC-F1176C487E99}.Release|x64.ActiveCfg = Release|Any CPU
		{E144D339-8DDA-42BC-95EC-F1176C487E99}.Release|x64.Build.0 = Release|Any CPU
		{E144D339-8DDA-42BC-95EC-F1176C487E99}.Release|x86.ActiveCfg = Release|Any CPU
		{E144D339-8DDA-42BC-95EC-F1176C487E99}.Release|x86.Build.0 = Release|Any CPU
		{309A20A2-3193-4E9F-A28E-037357072020}.Debug|Any CPU.ActiveCfg = Debug|Any CPU
		{309A20A2-3193-4E9F-A28E-037357072020}.Debug|Any CPU.Build.0 = Debug|Any CPU
		{309A20A2-3193-4E9F-A28E-037357072020}.Debug|x64.ActiveCfg = Debug|Any CPU
		{309A20A2-3193-4E9F-A28E-037357072020}.Debug|x64.Build.0 = Debug|Any CPU
		{309A20A2-3193-4E9F-A28E-037357072020}.Debug|x86.ActiveCfg = Debug|Any CPU
		{309A20A2-3193-4E9F-A28E-037357072020}.Debug|x86.Build.0 = Debug|Any CPU
		{309A20A2-3193-4E9F-A28E-037357072020}.Release|Any CPU.ActiveCfg = Release|Any CPU
		{309A20A2-3193-4E9F-A28E-037357072020}.Release|Any CPU.Build.0 = Release|Any CPU
		{309A20A2-3193-4E9F-A28E-037357072020}.Release|x64.ActiveCfg = Release|Any CPU
		{309A20A2-3193-4E9F-A28E-037357072020}.Release|x64.Build.0 = Release|Any CPU
		{309A20A2-3193-4E9F-A28E-037357072020}.Release|x86.ActiveCfg = Release|Any CPU
		{309A20A2-3193-4E9F-A28E-037357072020}.Release|x86.Build.0 = Release|Any CPU
		{FD275D09-2DEE-4F82-B7A9-8C6705E5CD0A}.Debug|Any CPU.ActiveCfg = Debug|Any CPU
		{FD275D09-2DEE-4F82-B7A9-8C6705E5CD0A}.Debug|Any CPU.Build.0 = Debug|Any CPU
		{FD275D09-2DEE-4F82-B7A9-8C6705E5CD0A}.Debug|x64.ActiveCfg = Debug|Any CPU
		{FD275D09-2DEE-4F82-B7A9-8C6705E5CD0A}.Debug|x64.Build.0 = Debug|Any CPU
		{FD275D09-2DEE-4F82-B7A9-8C6705E5CD0A}.Debug|x86.ActiveCfg = Debug|Any CPU
		{FD275D09-2DEE-4F82-B7A9-8C6705E5CD0A}.Debug|x86.Build.0 = Debug|Any CPU
		{FD275D09-2DEE-4F82-B7A9-8C6705E5CD0A}.Release|Any CPU.ActiveCfg = Release|Any CPU
		{FD275D09-2DEE-4F82-B7A9-8C6705E5CD0A}.Release|Any CPU.Build.0 = Release|Any CPU
		{FD275D09-2DEE-4F82-B7A9-8C6705E5CD0A}.Release|x64.ActiveCfg = Release|Any CPU
		{FD275D09-2DEE-4F82-B7A9-8C6705E5CD0A}.Release|x64.Build.0 = Release|Any CPU
		{FD275D09-2DEE-4F82-B7A9-8C6705E5CD0A}.Release|x86.ActiveCfg = Release|Any CPU
		{FD275D09-2DEE-4F82-B7A9-8C6705E5CD0A}.Release|x86.Build.0 = Release|Any CPU
		{C6075DD0-F278-4957-B7BA-BDDA278E0F90}.Debug|Any CPU.ActiveCfg = Debug|Any CPU
		{C6075DD0-F278-4957-B7BA-BDDA278E0F90}.Debug|Any CPU.Build.0 = Debug|Any CPU
		{C6075DD0-F278-4957-B7BA-BDDA278E0F90}.Debug|x64.ActiveCfg = Debug|Any CPU
		{C6075DD0-F278-4957-B7BA-BDDA278E0F90}.Debug|x64.Build.0 = Debug|Any CPU
		{C6075DD0-F278-4957-B7BA-BDDA278E0F90}.Debug|x86.ActiveCfg = Debug|Any CPU
		{C6075DD0-F278-4957-B7BA-BDDA278E0F90}.Debug|x86.Build.0 = Debug|Any CPU
		{C6075DD0-F278-4957-B7BA-BDDA278E0F90}.Release|Any CPU.ActiveCfg = Release|Any CPU
		{C6075DD0-F278-4957-B7BA-BDDA278E0F90}.Release|Any CPU.Build.0 = Release|Any CPU
		{C6075DD0-F278-4957-B7BA-BDDA278E0F90}.Release|x64.ActiveCfg = Release|Any CPU
		{C6075DD0-F278-4957-B7BA-BDDA278E0F90}.Release|x64.Build.0 = Release|Any CPU
		{C6075DD0-F278-4957-B7BA-BDDA278E0F90}.Release|x86.ActiveCfg = Release|Any CPU
		{C6075DD0-F278-4957-B7BA-BDDA278E0F90}.Release|x86.Build.0 = Release|Any CPU
		{6CEBF173-E986-4EC1-A2F6-1EF20731F2E8}.Debug|Any CPU.ActiveCfg = Debug|Any CPU
		{6CEBF173-E986-4EC1-A2F6-1EF20731F2E8}.Debug|Any CPU.Build.0 = Debug|Any CPU
		{6CEBF173-E986-4EC1-A2F6-1EF20731F2E8}.Debug|x64.ActiveCfg = Debug|Any CPU
		{6CEBF173-E986-4EC1-A2F6-1EF20731F2E8}.Debug|x64.Build.0 = Debug|Any CPU
		{6CEBF173-E986-4EC1-A2F6-1EF20731F2E8}.Debug|x86.ActiveCfg = Debug|Any CPU
		{6CEBF173-E986-4EC1-A2F6-1EF20731F2E8}.Debug|x86.Build.0 = Debug|Any CPU
		{6CEBF173-E986-4EC1-A2F6-1EF20731F2E8}.Release|Any CPU.ActiveCfg = Release|Any CPU
		{6CEBF173-E986-4EC1-A2F6-1EF20731F2E8}.Release|Any CPU.Build.0 = Release|Any CPU
		{6CEBF173-E986-4EC1-A2F6-1EF20731F2E8}.Release|x64.ActiveCfg = Release|Any CPU
		{6CEBF173-E986-4EC1-A2F6-1EF20731F2E8}.Release|x64.Build.0 = Release|Any CPU
		{6CEBF173-E986-4EC1-A2F6-1EF20731F2E8}.Release|x86.ActiveCfg = Release|Any CPU
		{6CEBF173-E986-4EC1-A2F6-1EF20731F2E8}.Release|x86.Build.0 = Release|Any CPU
		{8DD5A871-1E7E-48B9-B5A4-B4CD6CEAB02D}.Debug|Any CPU.ActiveCfg = Debug|Any CPU
		{8DD5A871-1E7E-48B9-B5A4-B4CD6CEAB02D}.Debug|Any CPU.Build.0 = Debug|Any CPU
		{8DD5A871-1E7E-48B9-B5A4-B4CD6CEAB02D}.Debug|x64.ActiveCfg = Debug|Any CPU
		{8DD5A871-1E7E-48B9-B5A4-B4CD6CEAB02D}.Debug|x64.Build.0 = Debug|Any CPU
		{8DD5A871-1E7E-48B9-B5A4-B4CD6CEAB02D}.Debug|x86.ActiveCfg = Debug|Any CPU
		{8DD5A871-1E7E-48B9-B5A4-B4CD6CEAB02D}.Debug|x86.Build.0 = Debug|Any CPU
		{8DD5A871-1E7E-48B9-B5A4-B4CD6CEAB02D}.Release|Any CPU.ActiveCfg = Release|Any CPU
		{8DD5A871-1E7E-48B9-B5A4-B4CD6CEAB02D}.Release|Any CPU.Build.0 = Release|Any CPU
		{8DD5A871-1E7E-48B9-B5A4-B4CD6CEAB02D}.Release|x64.ActiveCfg = Release|Any CPU
		{8DD5A871-1E7E-48B9-B5A4-B4CD6CEAB02D}.Release|x64.Build.0 = Release|Any CPU
		{8DD5A871-1E7E-48B9-B5A4-B4CD6CEAB02D}.Release|x86.ActiveCfg = Release|Any CPU
		{8DD5A871-1E7E-48B9-B5A4-B4CD6CEAB02D}.Release|x86.Build.0 = Release|Any CPU
		{0D23B0DC-7271-470C-AB7A-B8D68FBFDC68}.Debug|Any CPU.ActiveCfg = Debug|Any CPU
		{0D23B0DC-7271-470C-AB7A-B8D68FBFDC68}.Debug|Any CPU.Build.0 = Debug|Any CPU
		{0D23B0DC-7271-470C-AB7A-B8D68FBFDC68}.Debug|x64.ActiveCfg = Debug|Any CPU
		{0D23B0DC-7271-470C-AB7A-B8D68FBFDC68}.Debug|x64.Build.0 = Debug|Any CPU
		{0D23B0DC-7271-470C-AB7A-B8D68FBFDC68}.Debug|x86.ActiveCfg = Debug|Any CPU
		{0D23B0DC-7271-470C-AB7A-B8D68FBFDC68}.Debug|x86.Build.0 = Debug|Any CPU
		{0D23B0DC-7271-470C-AB7A-B8D68FBFDC68}.Release|Any CPU.ActiveCfg = Release|Any CPU
		{0D23B0DC-7271-470C-AB7A-B8D68FBFDC68}.Release|Any CPU.Build.0 = Release|Any CPU
		{0D23B0DC-7271-470C-AB7A-B8D68FBFDC68}.Release|x64.ActiveCfg = Release|Any CPU
		{0D23B0DC-7271-470C-AB7A-B8D68FBFDC68}.Release|x64.Build.0 = Release|Any CPU
		{0D23B0DC-7271-470C-AB7A-B8D68FBFDC68}.Release|x86.ActiveCfg = Release|Any CPU
		{0D23B0DC-7271-470C-AB7A-B8D68FBFDC68}.Release|x86.Build.0 = Release|Any CPU
		{F1AE2EBE-5428-4D2B-AAD6-1793B5878144}.Debug|Any CPU.ActiveCfg = Debug|Any CPU
		{F1AE2EBE-5428-4D2B-AAD6-1793B5878144}.Debug|Any CPU.Build.0 = Debug|Any CPU
		{F1AE2EBE-5428-4D2B-AAD6-1793B5878144}.Debug|x64.ActiveCfg = Debug|Any CPU
		{F1AE2EBE-5428-4D2B-AAD6-1793B5878144}.Debug|x64.Build.0 = Debug|Any CPU
		{F1AE2EBE-5428-4D2B-AAD6-1793B5878144}.Debug|x86.ActiveCfg = Debug|Any CPU
		{F1AE2EBE-5428-4D2B-AAD6-1793B5878144}.Debug|x86.Build.0 = Debug|Any CPU
		{F1AE2EBE-5428-4D2B-AAD6-1793B5878144}.Release|Any CPU.ActiveCfg = Release|Any CPU
		{F1AE2EBE-5428-4D2B-AAD6-1793B5878144}.Release|Any CPU.Build.0 = Release|Any CPU
		{F1AE2EBE-5428-4D2B-AAD6-1793B5878144}.Release|x64.ActiveCfg = Release|Any CPU
		{F1AE2EBE-5428-4D2B-AAD6-1793B5878144}.Release|x64.Build.0 = Release|Any CPU
		{F1AE2EBE-5428-4D2B-AAD6-1793B5878144}.Release|x86.ActiveCfg = Release|Any CPU
		{F1AE2EBE-5428-4D2B-AAD6-1793B5878144}.Release|x86.Build.0 = Release|Any CPU
		{123F735F-7626-4421-907C-57E92539F5FD}.Debug|Any CPU.ActiveCfg = Debug|Any CPU
		{123F735F-7626-4421-907C-57E92539F5FD}.Debug|Any CPU.Build.0 = Debug|Any CPU
		{123F735F-7626-4421-907C-57E92539F5FD}.Debug|x64.ActiveCfg = Debug|Any CPU
		{123F735F-7626-4421-907C-57E92539F5FD}.Debug|x64.Build.0 = Debug|Any CPU
		{123F735F-7626-4421-907C-57E92539F5FD}.Debug|x86.ActiveCfg = Debug|Any CPU
		{123F735F-7626-4421-907C-57E92539F5FD}.Debug|x86.Build.0 = Debug|Any CPU
		{123F735F-7626-4421-907C-57E92539F5FD}.Release|Any CPU.ActiveCfg = Release|Any CPU
		{123F735F-7626-4421-907C-57E92539F5FD}.Release|Any CPU.Build.0 = Release|Any CPU
		{123F735F-7626-4421-907C-57E92539F5FD}.Release|x64.ActiveCfg = Release|Any CPU
		{123F735F-7626-4421-907C-57E92539F5FD}.Release|x64.Build.0 = Release|Any CPU
		{123F735F-7626-4421-907C-57E92539F5FD}.Release|x86.ActiveCfg = Release|Any CPU
		{123F735F-7626-4421-907C-57E92539F5FD}.Release|x86.Build.0 = Release|Any CPU
		{27E44AED-59B2-4B46-A25E-594DA3A12A37}.Debug|Any CPU.ActiveCfg = Debug|Any CPU
		{27E44AED-59B2-4B46-A25E-594DA3A12A37}.Debug|Any CPU.Build.0 = Debug|Any CPU
		{27E44AED-59B2-4B46-A25E-594DA3A12A37}.Debug|x64.ActiveCfg = Debug|Any CPU
		{27E44AED-59B2-4B46-A25E-594DA3A12A37}.Debug|x64.Build.0 = Debug|Any CPU
		{27E44AED-59B2-4B46-A25E-594DA3A12A37}.Debug|x86.ActiveCfg = Debug|Any CPU
		{27E44AED-59B2-4B46-A25E-594DA3A12A37}.Debug|x86.Build.0 = Debug|Any CPU
		{27E44AED-59B2-4B46-A25E-594DA3A12A37}.Release|Any CPU.ActiveCfg = Release|Any CPU
		{27E44AED-59B2-4B46-A25E-594DA3A12A37}.Release|Any CPU.Build.0 = Release|Any CPU
		{27E44AED-59B2-4B46-A25E-594DA3A12A37}.Release|x64.ActiveCfg = Release|Any CPU
		{27E44AED-59B2-4B46-A25E-594DA3A12A37}.Release|x64.Build.0 = Release|Any CPU
		{27E44AED-59B2-4B46-A25E-594DA3A12A37}.Release|x86.ActiveCfg = Release|Any CPU
		{27E44AED-59B2-4B46-A25E-594DA3A12A37}.Release|x86.Build.0 = Release|Any CPU
		{02FF69CE-336E-40FB-B22B-AFA1BA2B19CC}.Debug|Any CPU.ActiveCfg = Debug|Any CPU
		{02FF69CE-336E-40FB-B22B-AFA1BA2B19CC}.Debug|Any CPU.Build.0 = Debug|Any CPU
		{02FF69CE-336E-40FB-B22B-AFA1BA2B19CC}.Debug|x64.ActiveCfg = Debug|Any CPU
		{02FF69CE-336E-40FB-B22B-AFA1BA2B19CC}.Debug|x64.Build.0 = Debug|Any CPU
		{02FF69CE-336E-40FB-B22B-AFA1BA2B19CC}.Debug|x86.ActiveCfg = Debug|Any CPU
		{02FF69CE-336E-40FB-B22B-AFA1BA2B19CC}.Debug|x86.Build.0 = Debug|Any CPU
		{02FF69CE-336E-40FB-B22B-AFA1BA2B19CC}.Release|Any CPU.ActiveCfg = Release|Any CPU
		{02FF69CE-336E-40FB-B22B-AFA1BA2B19CC}.Release|Any CPU.Build.0 = Release|Any CPU
		{02FF69CE-336E-40FB-B22B-AFA1BA2B19CC}.Release|x64.ActiveCfg = Release|Any CPU
		{02FF69CE-336E-40FB-B22B-AFA1BA2B19CC}.Release|x64.Build.0 = Release|Any CPU
		{02FF69CE-336E-40FB-B22B-AFA1BA2B19CC}.Release|x86.ActiveCfg = Release|Any CPU
		{02FF69CE-336E-40FB-B22B-AFA1BA2B19CC}.Release|x86.Build.0 = Release|Any CPU
	EndGlobalSection
	GlobalSection(SolutionProperties) = preSolution
		HideSolutionNode = FALSE
	EndGlobalSection
	GlobalSection(NestedProjects) = preSolution
		{514B12E4-F0E6-4128-8D24-916669D07614} = {D82C56D6-B2CD-F611-9E31-04638F7EC30E}
		{2D988DB9-44C7-409F-9B24-091237640DC7} = {D82C56D6-B2CD-F611-9E31-04638F7EC30E}
		{51C0A2B7-7FC4-4F0C-A1F6-015A7B4F3A4C} = {7266C4A9-E384-DC00-0EB6-47F6002CFBA7}
		{31A8B242-F3E3-409A-BDC3-78A020BBBD3B} = {7266C4A9-E384-DC00-0EB6-47F6002CFBA7}
		{F0D565E5-35A9-48F5-8B1D-8D90362DFEE9} = {7266C4A9-E384-DC00-0EB6-47F6002CFBA7}
		{6EEBE403-DC49-499B-AB8E-78DAB4BDF715} = {7266C4A9-E384-DC00-0EB6-47F6002CFBA7}
		{5E6EA977-B976-4F89-8C92-7116D25B3EBA} = {E0096E63-5207-411F-2649-837654E3C58A}
		{C007010C-CBFC-4D16-8116-C356B1B418EE} = {E0096E63-5207-411F-2649-837654E3C58A}
		{729B03C7-1C3E-5EDD-EDB4-38F58E22BDF1} = {CA253913-39DE-BFD0-C9A3-4B7EC6FBDF17}
		{C70A58FD-C5AF-4B00-99A3-4754663A5E1A} = {729B03C7-1C3E-5EDD-EDB4-38F58E22BDF1}
		{753C2A77-0B68-4A3F-9992-F9C088E43C0A} = {729B03C7-1C3E-5EDD-EDB4-38F58E22BDF1}
		{68F301CB-6996-4D15-AC2C-08A357F46D4B} = {729B03C7-1C3E-5EDD-EDB4-38F58E22BDF1}
		{A62BC22B-C1A6-49FA-AC5E-366D80E77D25} = {729B03C7-1C3E-5EDD-EDB4-38F58E22BDF1}
		{6912AE7C-F630-4044-9580-5892DA23BEDB} = {729B03C7-1C3E-5EDD-EDB4-38F58E22BDF1}
		{414591E6-01DC-447E-B6B1-23AD2D728C5F} = {729B03C7-1C3E-5EDD-EDB4-38F58E22BDF1}
		{293C06CD-4E17-48BD-9F3B-B5ADDFFA9425} = {CA253913-39DE-BFD0-C9A3-4B7EC6FBDF17}
		{8AE3DEFE-4B6D-47E2-925C-F6ED6CD83A95} = {293C06CD-4E17-48BD-9F3B-B5ADDFFA9425}
		{C4393B7D-8AC8-4CFA-B2B5-3C24A1005D26} = {293C06CD-4E17-48BD-9F3B-B5ADDFFA9425}
		{B91D2146-D2C4-48A1-A41C-B0B881C82F87} = {293C06CD-4E17-48BD-9F3B-B5ADDFFA9425}
		{7FE3987D-A281-4E06-A839-8C4B6A453436} = {293C06CD-4E17-48BD-9F3B-B5ADDFFA9425}
		{1F967AB6-1AA8-449B-84FF-E5164362D087} = {293C06CD-4E17-48BD-9F3B-B5ADDFFA9425}
		{DD9331E4-D671-4C19-85FA-3377E30E61DE} = {293C06CD-4E17-48BD-9F3B-B5ADDFFA9425}
		{02967336-915E-C28E-1FBF-927BCAF1A129} = {CA253913-39DE-BFD0-C9A3-4B7EC6FBDF17}
		{B9916FD5-7118-4F59-9EEC-D011E3002277} = {02967336-915E-C28E-1FBF-927BCAF1A129}
		{E144D339-8DDA-42BC-95EC-F1176C487E99} = {02967336-915E-C28E-1FBF-927BCAF1A129}
		{309A20A2-3193-4E9F-A28E-037357072020} = {02967336-915E-C28E-1FBF-927BCAF1A129}
		{FD275D09-2DEE-4F82-B7A9-8C6705E5CD0A} = {02967336-915E-C28E-1FBF-927BCAF1A129}
		{C6075DD0-F278-4957-B7BA-BDDA278E0F90} = {02967336-915E-C28E-1FBF-927BCAF1A129}
		{6CEBF173-E986-4EC1-A2F6-1EF20731F2E8} = {02967336-915E-C28E-1FBF-927BCAF1A129}
		{6639BA1E-D686-9411-33AA-9419784F58E0} = {CA253913-39DE-BFD0-C9A3-4B7EC6FBDF17}
		{8DD5A871-1E7E-48B9-B5A4-B4CD6CEAB02D} = {6639BA1E-D686-9411-33AA-9419784F58E0}
		{0D23B0DC-7271-470C-AB7A-B8D68FBFDC68} = {6639BA1E-D686-9411-33AA-9419784F58E0}
		{F1AE2EBE-5428-4D2B-AAD6-1793B5878144} = {6639BA1E-D686-9411-33AA-9419784F58E0}
		{123F735F-7626-4421-907C-57E92539F5FD} = {6639BA1E-D686-9411-33AA-9419784F58E0}
		{27E44AED-59B2-4B46-A25E-594DA3A12A37} = {6639BA1E-D686-9411-33AA-9419784F58E0}
		{02FF69CE-336E-40FB-B22B-AFA1BA2B19CC} = {6639BA1E-D686-9411-33AA-9419784F58E0}
	EndGlobalSection
EndGlobal
